// !$*UTF8*$!
{
	archiveVersion = 1;
	classes = {
	};
	objectVersion = 56;
	objects = {

/* Begin PBXBuildFile section */
		F4B5A9532B30804B005E0EE7 /* libopencv_stitching.dylib in Frameworks */ = {isa = PBXBuildFile; fileRef = F4B5A90C2B30804B005E0EE7 /* libopencv_stitching.dylib */; };
		F4B5A9542B30804B005E0EE7 /* libopencv_video.408.dylib in Frameworks */ = {isa = PBXBuildFile; fileRef = F4B5A90D2B30804B005E0EE7 /* libopencv_video.408.dylib */; };
		F4B5A9552B30804B005E0EE7 /* libopencv_objdetect.408.dylib in Frameworks */ = {isa = PBXBuildFile; fileRef = F4B5A90E2B30804B005E0EE7 /* libopencv_objdetect.408.dylib */; };
		F4B5A9562B30804B005E0EE7 /* libopencv_imgcodecs.408.dylib in Frameworks */ = {isa = PBXBuildFile; fileRef = F4B5A90F2B30804B005E0EE7 /* libopencv_imgcodecs.408.dylib */; };
		F4B5A9572B30804B005E0EE7 /* libopencv_videoio.408.dylib in Frameworks */ = {isa = PBXBuildFile; fileRef = F4B5A9102B30804B005E0EE7 /* libopencv_videoio.408.dylib */; };
		F4B5A9582B30804B005E0EE7 /* libopencv_stitching.4.8.0.dylib in Frameworks */ = {isa = PBXBuildFile; fileRef = F4B5A9112B30804B005E0EE7 /* libopencv_stitching.4.8.0.dylib */; };
		F4B5A9592B30804B005E0EE7 /* libopencv_highgui.408.dylib in Frameworks */ = {isa = PBXBuildFile; fileRef = F4B5A9122B30804B005E0EE7 /* libopencv_highgui.408.dylib */; };
		F4B5A95A2B30804B005E0EE7 /* libfreebl3.dylib in Frameworks */ = {isa = PBXBuildFile; fileRef = F4B5A9132B30804B005E0EE7 /* libfreebl3.dylib */; };
		F4B5A95B2B30804B005E0EE7 /* libopencv_video.dylib in Frameworks */ = {isa = PBXBuildFile; fileRef = F4B5A9142B30804B005E0EE7 /* libopencv_video.dylib */; };
		F4B5A95C2B30804B005E0EE7 /* libnvcsnd.dylib in Frameworks */ = {isa = PBXBuildFile; fileRef = F4B5A9152B30804B005E0EE7 /* libnvcsnd.dylib */; };
		F4B5A95D2B30804B005E0EE7 /* libopencv_gapi.4.8.0.dylib in Frameworks */ = {isa = PBXBuildFile; fileRef = F4B5A9162B30804B005E0EE7 /* libopencv_gapi.4.8.0.dylib */; };
		F4B5A95E2B30804B005E0EE7 /* libopencv_photo.4.8.0.dylib in Frameworks */ = {isa = PBXBuildFile; fileRef = F4B5A9172B30804B005E0EE7 /* libopencv_photo.4.8.0.dylib */; };
		F4B5A95F2B30804B005E0EE7 /* libopencv_imgcodecs.dylib in Frameworks */ = {isa = PBXBuildFile; fileRef = F4B5A9182B30804B005E0EE7 /* libopencv_imgcodecs.dylib */; };
		F4B5A9602B30804B005E0EE7 /* libopencv_videoio.4.8.0.dylib in Frameworks */ = {isa = PBXBuildFile; fileRef = F4B5A91F2B30804B005E0EE7 /* libopencv_videoio.4.8.0.dylib */; };
		F4B5A9612B30804B005E0EE7 /* libopencv_ml.4.8.0.dylib in Frameworks */ = {isa = PBXBuildFile; fileRef = F4B5A9202B30804B005E0EE7 /* libopencv_ml.4.8.0.dylib */; };
		F4B5A9622B30804B005E0EE7 /* libngs.dylib in Frameworks */ = {isa = PBXBuildFile; fileRef = F4B5A9212B30804B005E0EE7 /* libngs.dylib */; };
		F4B5A9632B30804B005E0EE7 /* libsoftokn3.dylib in Frameworks */ = {isa = PBXBuildFile; fileRef = F4B5A9222B30804B005E0EE7 /* libsoftokn3.dylib */; };
		F4B5A9642B30804B005E0EE7 /* libre2.0.dylib in Frameworks */ = {isa = PBXBuildFile; fileRef = F4B5A9232B30804B005E0EE7 /* libre2.0.dylib */; };
		F4B5A9652B30804B005E0EE7 /* libplds4.dylib in Frameworks */ = {isa = PBXBuildFile; fileRef = F4B5A9242B30804B005E0EE7 /* libplds4.dylib */; };
		F4B5A9662B30804B005E0EE7 /* libopencv_dnn.408.dylib in Frameworks */ = {isa = PBXBuildFile; fileRef = F4B5A9252B30804B005E0EE7 /* libopencv_dnn.408.dylib */; };
		F4B5A9672B30804B005E0EE7 /* libnvcclip.dylib in Frameworks */ = {isa = PBXBuildFile; fileRef = F4B5A9262B30804B005E0EE7 /* libnvcclip.dylib */; };
		F4B5A9682B30804B005E0EE7 /* libTevent.dylib in Frameworks */ = {isa = PBXBuildFile; fileRef = F4B5A9272B30804B005E0EE7 /* libTevent.dylib */; };
		F4B5A9692B30804B005E0EE7 /* libopencv_calib3d.dylib in Frameworks */ = {isa = PBXBuildFile; fileRef = F4B5A9282B30804B005E0EE7 /* libopencv_calib3d.dylib */; };
		F4B5A96A2B30804B005E0EE7 /* libopencv_objdetect.dylib in Frameworks */ = {isa = PBXBuildFile; fileRef = F4B5A9292B30804B005E0EE7 /* libopencv_objdetect.dylib */; };
		F4B5A96B2B30804B005E0EE7 /* libopencv_flann.dylib in Frameworks */ = {isa = PBXBuildFile; fileRef = F4B5A92A2B30804B005E0EE7 /* libopencv_flann.dylib */; };
		F4B5A96C2B30804B005E0EE7 /* libnssdbm3.dylib in Frameworks */ = {isa = PBXBuildFile; fileRef = F4B5A92B2B30804B005E0EE7 /* libnssdbm3.dylib */; };
		F4B5A96D2B30804B005E0EE7 /* libopencv_imgproc.dylib in Frameworks */ = {isa = PBXBuildFile; fileRef = F4B5A92C2B30804B005E0EE7 /* libopencv_imgproc.dylib */; };
		F4B5A96E2B30804B005E0EE7 /* libopencv_photo.408.dylib in Frameworks */ = {isa = PBXBuildFile; fileRef = F4B5A92D2B30804B005E0EE7 /* libopencv_photo.408.dylib */; };
		F4B5A96F2B30804B005E0EE7 /* libopencv_video.4.8.0.dylib in Frameworks */ = {isa = PBXBuildFile; fileRef = F4B5A92E2B30804B005E0EE7 /* libopencv_video.4.8.0.dylib */; };
		F4B5A9702B30804B005E0EE7 /* libopencv_gapi.dylib in Frameworks */ = {isa = PBXBuildFile; fileRef = F4B5A92F2B30804B005E0EE7 /* libopencv_gapi.dylib */; };
		F4B5A9712B30804B005E0EE7 /* libcrypto.1.0.0.dylib in Frameworks */ = {isa = PBXBuildFile; fileRef = F4B5A9302B30804B005E0EE7 /* libcrypto.1.0.0.dylib */; };
		F4B5A9722B30804B005E0EE7 /* libsmime3.dylib in Frameworks */ = {isa = PBXBuildFile; fileRef = F4B5A9312B30804B005E0EE7 /* libsmime3.dylib */; };
		F4B5A9732B30804B005E0EE7 /* libopencv_photo.dylib in Frameworks */ = {isa = PBXBuildFile; fileRef = F4B5A9322B30804B005E0EE7 /* libopencv_photo.dylib */; };
		F4B5A9742B30804B005E0EE7 /* libopencv_objdetect.4.8.0.dylib in Frameworks */ = {isa = PBXBuildFile; fileRef = F4B5A9332B30804B005E0EE7 /* libopencv_objdetect.4.8.0.dylib */; };
		F4B5A9752B30804B005E0EE7 /* libopencv_features2d.dylib in Frameworks */ = {isa = PBXBuildFile; fileRef = F4B5A9342B30804B005E0EE7 /* libopencv_features2d.dylib */; };
		F4B5A9762B30804B005E0EE7 /* libopencv_videoio.dylib in Frameworks */ = {isa = PBXBuildFile; fileRef = F4B5A9352B30804B005E0EE7 /* libopencv_videoio.dylib */; };
		F4B5A9772B30804B005E0EE7 /* libopencv_dnn.4.8.0.dylib in Frameworks */ = {isa = PBXBuildFile; fileRef = F4B5A9362B30804B005E0EE7 /* libopencv_dnn.4.8.0.dylib */; };
		F4B5A9782B30804B005E0EE7 /* libopencv_ml.dylib in Frameworks */ = {isa = PBXBuildFile; fileRef = F4B5A9372B30804B005E0EE7 /* libopencv_ml.dylib */; };
		F4B5A9792B30804B005E0EE7 /* libplc4.dylib in Frameworks */ = {isa = PBXBuildFile; fileRef = F4B5A9382B30804B005E0EE7 /* libplc4.dylib */; };
		F4B5A97A2B30804B005E0EE7 /* libssl.1.0.0.dylib in Frameworks */ = {isa = PBXBuildFile; fileRef = F4B5A9392B30804B005E0EE7 /* libssl.1.0.0.dylib */; };
		F4B5A97B2B30804B005E0EE7 /* libopencv_calib3d.4.8.0.dylib in Frameworks */ = {isa = PBXBuildFile; fileRef = F4B5A93A2B30804B005E0EE7 /* libopencv_calib3d.4.8.0.dylib */; };
		F4B5A97C2B30804B005E0EE7 /* libopencv_flann.408.dylib in Frameworks */ = {isa = PBXBuildFile; fileRef = F4B5A93B2B30804B005E0EE7 /* libopencv_flann.408.dylib */; };
		F4B5A97D2B30804B005E0EE7 /* libopencv_imgproc.408.dylib in Frameworks */ = {isa = PBXBuildFile; fileRef = F4B5A93C2B30804B005E0EE7 /* libopencv_imgproc.408.dylib */; };
		F4B5A97E2B30804B005E0EE7 /* libssl3.dylib in Frameworks */ = {isa = PBXBuildFile; fileRef = F4B5A93D2B30804B005E0EE7 /* libssl3.dylib */; };
		F4B5A97F2B30804B005E0EE7 /* libopencv_core.4.8.0.dylib in Frameworks */ = {isa = PBXBuildFile; fileRef = F4B5A93E2B30804B005E0EE7 /* libopencv_core.4.8.0.dylib */; };
		F4B5A9802B30804B005E0EE7 /* libopencv_dnn.dylib in Frameworks */ = {isa = PBXBuildFile; fileRef = F4B5A93F2B30804B005E0EE7 /* libopencv_dnn.dylib */; };
		F4B5A9812B30804B005E0EE7 /* libCMS.dylib in Frameworks */ = {isa = PBXBuildFile; fileRef = F4B5A9402B30804B005E0EE7 /* libCMS.dylib */; };
		F4B5A9822B30804B005E0EE7 /* libopencv_highgui.4.8.0.dylib in Frameworks */ = {isa = PBXBuildFile; fileRef = F4B5A9422B30804B005E0EE7 /* libopencv_highgui.4.8.0.dylib */; };
		F4B5A9832B30804B005E0EE7 /* libopencv_stitching.408.dylib in Frameworks */ = {isa = PBXBuildFile; fileRef = F4B5A9432B30804B005E0EE7 /* libopencv_stitching.408.dylib */; };
		F4B5A9842B30804B005E0EE7 /* libopencv_calib3d.408.dylib in Frameworks */ = {isa = PBXBuildFile; fileRef = F4B5A9442B30804B005E0EE7 /* libopencv_calib3d.408.dylib */; };
		F4B5A9852B30804B005E0EE7 /* libopencv_ml.408.dylib in Frameworks */ = {isa = PBXBuildFile; fileRef = F4B5A9452B30804B005E0EE7 /* libopencv_ml.408.dylib */; };
		F4B5A9862B30804B005E0EE7 /* libopencv_features2d.4.8.0.dylib in Frameworks */ = {isa = PBXBuildFile; fileRef = F4B5A9462B30804B005E0EE7 /* libopencv_features2d.4.8.0.dylib */; };
		F4B5A9872B30804B005E0EE7 /* libopencv_core.408.dylib in Frameworks */ = {isa = PBXBuildFile; fileRef = F4B5A9472B30804B005E0EE7 /* libopencv_core.408.dylib */; };
		F4B5A9882B30804B005E0EE7 /* libecbase.dylib in Frameworks */ = {isa = PBXBuildFile; fileRef = F4B5A9482B30804B005E0EE7 /* libecbase.dylib */; };
		F4B5A9892B30804B005E0EE7 /* libopencv_highgui.dylib in Frameworks */ = {isa = PBXBuildFile; fileRef = F4B5A9492B30804B005E0EE7 /* libopencv_highgui.dylib */; };
		F4B5A98A2B30804B005E0EE7 /* libopencv_features2d.408.dylib in Frameworks */ = {isa = PBXBuildFile; fileRef = F4B5A94A2B30804B005E0EE7 /* libopencv_features2d.408.dylib */; };
		F4B5A98B2B30804B005E0EE7 /* libnspr4.dylib in Frameworks */ = {isa = PBXBuildFile; fileRef = F4B5A94B2B30804B005E0EE7 /* libnspr4.dylib */; };
		F4B5A98C2B30804B005E0EE7 /* libopencv_gapi.408.dylib in Frameworks */ = {isa = PBXBuildFile; fileRef = F4B5A94C2B30804B005E0EE7 /* libopencv_gapi.408.dylib */; };
		F4B5A98D2B30804B005E0EE7 /* libopencv_core.dylib in Frameworks */ = {isa = PBXBuildFile; fileRef = F4B5A94D2B30804B005E0EE7 /* libopencv_core.dylib */; };
		F4B5A98E2B30804B005E0EE7 /* libopencv_flann.4.8.0.dylib in Frameworks */ = {isa = PBXBuildFile; fileRef = F4B5A94E2B30804B005E0EE7 /* libopencv_flann.4.8.0.dylib */; };
		F4B5A98F2B30804B005E0EE7 /* libopencv_imgcodecs.4.8.0.dylib in Frameworks */ = {isa = PBXBuildFile; fileRef = F4B5A94F2B30804B005E0EE7 /* libopencv_imgcodecs.4.8.0.dylib */; };
		F4B5A9902B30804B005E0EE7 /* libnssutil3.dylib in Frameworks */ = {isa = PBXBuildFile; fileRef = F4B5A9502B30804B005E0EE7 /* libnssutil3.dylib */; };
		F4B5A9912B30804B005E0EE7 /* libnss3.dylib in Frameworks */ = {isa = PBXBuildFile; fileRef = F4B5A9512B30804B005E0EE7 /* libnss3.dylib */; };
		F4B5A9922B30804B005E0EE7 /* libopencv_imgproc.4.8.0.dylib in Frameworks */ = {isa = PBXBuildFile; fileRef = F4B5A9522B30804B005E0EE7 /* libopencv_imgproc.4.8.0.dylib */; };
		F4B5A9952B3081C2005E0EE7 /* test.cpp in Sources */ = {isa = PBXBuildFile; fileRef = F4B5A87F2B307CA2005E0EE7 /* test.cpp */; };
/* End PBXBuildFile section */

/* Begin PBXCopyFilesBuildPhase section */
		F4B5A7E92B307AD3005E0EE7 /* CopyFiles */ = {
			isa = PBXCopyFilesBuildPhase;
			buildActionMask = 2147483647;
			dstPath = /usr/share/man/man1/;
			dstSubfolderSpec = 0;
			files = (
			);
			runOnlyForDeploymentPostprocessing = 1;
		};
/* End PBXCopyFilesBuildPhase section */

/* Begin PBXFileReference section */
		F4B5A7EB2B307AD3005E0EE7 /* opencvtest1 */ = {isa = PBXFileReference; explicitFileType = "compiled.mach-o.executable"; includeInIndex = 0; path = opencvtest1; sourceTree = BUILT_PRODUCTS_DIR; };
		F4B5A87F2B307CA2005E0EE7 /* test.cpp */ = {isa = PBXFileReference; lastKnownFileType = sourcecode.cpp.cpp; path = test.cpp; sourceTree = "<group>"; };
		F4B5A90C2B30804B005E0EE7 /* libopencv_stitching.dylib */ = {isa = PBXFileReference; lastKnownFileType = "compiled.mach-o.dylib"; path = libopencv_stitching.dylib; sourceTree = "<group>"; };
		F4B5A90D2B30804B005E0EE7 /* libopencv_video.408.dylib */ = {isa = PBXFileReference; lastKnownFileType = "compiled.mach-o.dylib"; path = libopencv_video.408.dylib; sourceTree = "<group>"; };
		F4B5A90E2B30804B005E0EE7 /* libopencv_objdetect.408.dylib */ = {isa = PBXFileReference; lastKnownFileType = "compiled.mach-o.dylib"; path = libopencv_objdetect.408.dylib; sourceTree = "<group>"; };
		F4B5A90F2B30804B005E0EE7 /* libopencv_imgcodecs.408.dylib */ = {isa = PBXFileReference; lastKnownFileType = "compiled.mach-o.dylib"; path = libopencv_imgcodecs.408.dylib; sourceTree = "<group>"; };
		F4B5A9102B30804B005E0EE7 /* libopencv_videoio.408.dylib */ = {isa = PBXFileReference; lastKnownFileType = "compiled.mach-o.dylib"; path = libopencv_videoio.408.dylib; sourceTree = "<group>"; };
		F4B5A9112B30804B005E0EE7 /* libopencv_stitching.4.8.0.dylib */ = {isa = PBXFileReference; lastKnownFileType = "compiled.mach-o.dylib"; path = libopencv_stitching.4.8.0.dylib; sourceTree = "<group>"; };
		F4B5A9122B30804B005E0EE7 /* libopencv_highgui.408.dylib */ = {isa = PBXFileReference; lastKnownFileType = "compiled.mach-o.dylib"; path = libopencv_highgui.408.dylib; sourceTree = "<group>"; };
		F4B5A9132B30804B005E0EE7 /* libfreebl3.dylib */ = {isa = PBXFileReference; lastKnownFileType = "compiled.mach-o.dylib"; path = libfreebl3.dylib; sourceTree = "<group>"; };
		F4B5A9142B30804B005E0EE7 /* libopencv_video.dylib */ = {isa = PBXFileReference; lastKnownFileType = "compiled.mach-o.dylib"; path = libopencv_video.dylib; sourceTree = "<group>"; };
		F4B5A9152B30804B005E0EE7 /* libnvcsnd.dylib */ = {isa = PBXFileReference; lastKnownFileType = "compiled.mach-o.dylib"; path = libnvcsnd.dylib; sourceTree = "<group>"; };
		F4B5A9162B30804B005E0EE7 /* libopencv_gapi.4.8.0.dylib */ = {isa = PBXFileReference; lastKnownFileType = "compiled.mach-o.dylib"; path = libopencv_gapi.4.8.0.dylib; sourceTree = "<group>"; };
		F4B5A9172B30804B005E0EE7 /* libopencv_photo.4.8.0.dylib */ = {isa = PBXFileReference; lastKnownFileType = "compiled.mach-o.dylib"; path = libopencv_photo.4.8.0.dylib; sourceTree = "<group>"; };
		F4B5A9182B30804B005E0EE7 /* libopencv_imgcodecs.dylib */ = {isa = PBXFileReference; lastKnownFileType = "compiled.mach-o.dylib"; path = libopencv_imgcodecs.dylib; sourceTree = "<group>"; };
		F4B5A91B2B30804B005E0EE7 /* OpenCVModules-debug.cmake */ = {isa = PBXFileReference; fileEncoding = 4; lastKnownFileType = text; path = "OpenCVModules-debug.cmake"; sourceTree = "<group>"; };
		F4B5A91C2B30804B005E0EE7 /* OpenCVConfig-version.cmake */ = {isa = PBXFileReference; fileEncoding = 4; lastKnownFileType = text; path = "OpenCVConfig-version.cmake"; sourceTree = "<group>"; };
		F4B5A91D2B30804B005E0EE7 /* OpenCVConfig.cmake */ = {isa = PBXFileReference; fileEncoding = 4; lastKnownFileType = text; path = OpenCVConfig.cmake; sourceTree = "<group>"; };
		F4B5A91E2B30804B005E0EE7 /* OpenCVModules.cmake */ = {isa = PBXFileReference; fileEncoding = 4; lastKnownFileType = text; path = OpenCVModules.cmake; sourceTree = "<group>"; };
		F4B5A91F2B30804B005E0EE7 /* libopencv_videoio.4.8.0.dylib */ = {isa = PBXFileReference; lastKnownFileType = "compiled.mach-o.dylib"; path = libopencv_videoio.4.8.0.dylib; sourceTree = "<group>"; };
		F4B5A9202B30804B005E0EE7 /* libopencv_ml.4.8.0.dylib */ = {isa = PBXFileReference; lastKnownFileType = "compiled.mach-o.dylib"; path = libopencv_ml.4.8.0.dylib; sourceTree = "<group>"; };
		F4B5A9212B30804B005E0EE7 /* libngs.dylib */ = {isa = PBXFileReference; lastKnownFileType = "compiled.mach-o.dylib"; path = libngs.dylib; sourceTree = "<group>"; };
		F4B5A9222B30804B005E0EE7 /* libsoftokn3.dylib */ = {isa = PBXFileReference; lastKnownFileType = "compiled.mach-o.dylib"; path = libsoftokn3.dylib; sourceTree = "<group>"; };
		F4B5A9232B30804B005E0EE7 /* libre2.0.dylib */ = {isa = PBXFileReference; lastKnownFileType = "compiled.mach-o.dylib"; path = libre2.0.dylib; sourceTree = "<group>"; };
		F4B5A9242B30804B005E0EE7 /* libplds4.dylib */ = {isa = PBXFileReference; lastKnownFileType = "compiled.mach-o.dylib"; path = libplds4.dylib; sourceTree = "<group>"; };
		F4B5A9252B30804B005E0EE7 /* libopencv_dnn.408.dylib */ = {isa = PBXFileReference; lastKnownFileType = "compiled.mach-o.dylib"; path = libopencv_dnn.408.dylib; sourceTree = "<group>"; };
		F4B5A9262B30804B005E0EE7 /* libnvcclip.dylib */ = {isa = PBXFileReference; lastKnownFileType = "compiled.mach-o.dylib"; path = libnvcclip.dylib; sourceTree = "<group>"; };
		F4B5A9272B30804B005E0EE7 /* libTevent.dylib */ = {isa = PBXFileReference; lastKnownFileType = "compiled.mach-o.dylib"; path = libTevent.dylib; sourceTree = "<group>"; };
		F4B5A9282B30804B005E0EE7 /* libopencv_calib3d.dylib */ = {isa = PBXFileReference; lastKnownFileType = "compiled.mach-o.dylib"; path = libopencv_calib3d.dylib; sourceTree = "<group>"; };
		F4B5A9292B30804B005E0EE7 /* libopencv_objdetect.dylib */ = {isa = PBXFileReference; lastKnownFileType = "compiled.mach-o.dylib"; path = libopencv_objdetect.dylib; sourceTree = "<group>"; };
		F4B5A92A2B30804B005E0EE7 /* libopencv_flann.dylib */ = {isa = PBXFileReference; lastKnownFileType = "compiled.mach-o.dylib"; path = libopencv_flann.dylib; sourceTree = "<group>"; };
		F4B5A92B2B30804B005E0EE7 /* libnssdbm3.dylib */ = {isa = PBXFileReference; lastKnownFileType = "compiled.mach-o.dylib"; path = libnssdbm3.dylib; sourceTree = "<group>"; };
		F4B5A92C2B30804B005E0EE7 /* libopencv_imgproc.dylib */ = {isa = PBXFileReference; lastKnownFileType = "compiled.mach-o.dylib"; path = libopencv_imgproc.dylib; sourceTree = "<group>"; };
		F4B5A92D2B30804B005E0EE7 /* libopencv_photo.408.dylib */ = {isa = PBXFileReference; lastKnownFileType = "compiled.mach-o.dylib"; path = libopencv_photo.408.dylib; sourceTree = "<group>"; };
		F4B5A92E2B30804B005E0EE7 /* libopencv_video.4.8.0.dylib */ = {isa = PBXFileReference; lastKnownFileType = "compiled.mach-o.dylib"; path = libopencv_video.4.8.0.dylib; sourceTree = "<group>"; };
		F4B5A92F2B30804B005E0EE7 /* libopencv_gapi.dylib */ = {isa = PBXFileReference; lastKnownFileType = "compiled.mach-o.dylib"; path = libopencv_gapi.dylib; sourceTree = "<group>"; };
		F4B5A9302B30804B005E0EE7 /* libcrypto.1.0.0.dylib */ = {isa = PBXFileReference; lastKnownFileType = "compiled.mach-o.dylib"; path = libcrypto.1.0.0.dylib; sourceTree = "<group>"; };
		F4B5A9312B30804B005E0EE7 /* libsmime3.dylib */ = {isa = PBXFileReference; lastKnownFileType = "compiled.mach-o.dylib"; path = libsmime3.dylib; sourceTree = "<group>"; };
		F4B5A9322B30804B005E0EE7 /* libopencv_photo.dylib */ = {isa = PBXFileReference; lastKnownFileType = "compiled.mach-o.dylib"; path = libopencv_photo.dylib; sourceTree = "<group>"; };
		F4B5A9332B30804B005E0EE7 /* libopencv_objdetect.4.8.0.dylib */ = {isa = PBXFileReference; lastKnownFileType = "compiled.mach-o.dylib"; path = libopencv_objdetect.4.8.0.dylib; sourceTree = "<group>"; };
		F4B5A9342B30804B005E0EE7 /* libopencv_features2d.dylib */ = {isa = PBXFileReference; lastKnownFileType = "compiled.mach-o.dylib"; path = libopencv_features2d.dylib; sourceTree = "<group>"; };
		F4B5A9352B30804B005E0EE7 /* libopencv_videoio.dylib */ = {isa = PBXFileReference; lastKnownFileType = "compiled.mach-o.dylib"; path = libopencv_videoio.dylib; sourceTree = "<group>"; };
		F4B5A9362B30804B005E0EE7 /* libopencv_dnn.4.8.0.dylib */ = {isa = PBXFileReference; lastKnownFileType = "compiled.mach-o.dylib"; path = libopencv_dnn.4.8.0.dylib; sourceTree = "<group>"; };
		F4B5A9372B30804B005E0EE7 /* libopencv_ml.dylib */ = {isa = PBXFileReference; lastKnownFileType = "compiled.mach-o.dylib"; path = libopencv_ml.dylib; sourceTree = "<group>"; };
		F4B5A9382B30804B005E0EE7 /* libplc4.dylib */ = {isa = PBXFileReference; lastKnownFileType = "compiled.mach-o.dylib"; path = libplc4.dylib; sourceTree = "<group>"; };
		F4B5A9392B30804B005E0EE7 /* libssl.1.0.0.dylib */ = {isa = PBXFileReference; lastKnownFileType = "compiled.mach-o.dylib"; path = libssl.1.0.0.dylib; sourceTree = "<group>"; };
		F4B5A93A2B30804B005E0EE7 /* libopencv_calib3d.4.8.0.dylib */ = {isa = PBXFileReference; lastKnownFileType = "compiled.mach-o.dylib"; path = libopencv_calib3d.4.8.0.dylib; sourceTree = "<group>"; };
		F4B5A93B2B30804B005E0EE7 /* libopencv_flann.408.dylib */ = {isa = PBXFileReference; lastKnownFileType = "compiled.mach-o.dylib"; path = libopencv_flann.408.dylib; sourceTree = "<group>"; };
		F4B5A93C2B30804B005E0EE7 /* libopencv_imgproc.408.dylib */ = {isa = PBXFileReference; lastKnownFileType = "compiled.mach-o.dylib"; path = libopencv_imgproc.408.dylib; sourceTree = "<group>"; };
		F4B5A93D2B30804B005E0EE7 /* libssl3.dylib */ = {isa = PBXFileReference; lastKnownFileType = "compiled.mach-o.dylib"; path = libssl3.dylib; sourceTree = "<group>"; };
		F4B5A93E2B30804B005E0EE7 /* libopencv_core.4.8.0.dylib */ = {isa = PBXFileReference; lastKnownFileType = "compiled.mach-o.dylib"; path = libopencv_core.4.8.0.dylib; sourceTree = "<group>"; };
		F4B5A93F2B30804B005E0EE7 /* libopencv_dnn.dylib */ = {isa = PBXFileReference; lastKnownFileType = "compiled.mach-o.dylib"; path = libopencv_dnn.dylib; sourceTree = "<group>"; };
		F4B5A9402B30804B005E0EE7 /* libCMS.dylib */ = {isa = PBXFileReference; lastKnownFileType = "compiled.mach-o.dylib"; path = libCMS.dylib; sourceTree = "<group>"; };
		F4B5A9412B30804B005E0EE7 /* libnssckbi.dylib */ = {isa = PBXFileReference; lastKnownFileType = "compiled.mach-o.bundle"; path = libnssckbi.dylib; sourceTree = "<group>"; };
		F4B5A9422B30804B005E0EE7 /* libopencv_highgui.4.8.0.dylib */ = {isa = PBXFileReference; lastKnownFileType = "compiled.mach-o.dylib"; path = libopencv_highgui.4.8.0.dylib; sourceTree = "<group>"; };
		F4B5A9432B30804B005E0EE7 /* libopencv_stitching.408.dylib */ = {isa = PBXFileReference; lastKnownFileType = "compiled.mach-o.dylib"; path = libopencv_stitching.408.dylib; sourceTree = "<group>"; };
		F4B5A9442B30804B005E0EE7 /* libopencv_calib3d.408.dylib */ = {isa = PBXFileReference; lastKnownFileType = "compiled.mach-o.dylib"; path = libopencv_calib3d.408.dylib; sourceTree = "<group>"; };
		F4B5A9452B30804B005E0EE7 /* libopencv_ml.408.dylib */ = {isa = PBXFileReference; lastKnownFileType = "compiled.mach-o.dylib"; path = libopencv_ml.408.dylib; sourceTree = "<group>"; };
		F4B5A9462B30804B005E0EE7 /* libopencv_features2d.4.8.0.dylib */ = {isa = PBXFileReference; lastKnownFileType = "compiled.mach-o.dylib"; path = libopencv_features2d.4.8.0.dylib; sourceTree = "<group>"; };
		F4B5A9472B30804B005E0EE7 /* libopencv_core.408.dylib */ = {isa = PBXFileReference; lastKnownFileType = "compiled.mach-o.dylib"; path = libopencv_core.408.dylib; sourceTree = "<group>"; };
		F4B5A9482B30804B005E0EE7 /* libecbase.dylib */ = {isa = PBXFileReference; lastKnownFileType = "compiled.mach-o.dylib"; path = libecbase.dylib; sourceTree = "<group>"; };
		F4B5A9492B30804B005E0EE7 /* libopencv_highgui.dylib */ = {isa = PBXFileReference; lastKnownFileType = "compiled.mach-o.dylib"; path = libopencv_highgui.dylib; sourceTree = "<group>"; };
		F4B5A94A2B30804B005E0EE7 /* libopencv_features2d.408.dylib */ = {isa = PBXFileReference; lastKnownFileType = "compiled.mach-o.dylib"; path = libopencv_features2d.408.dylib; sourceTree = "<group>"; };
		F4B5A94B2B30804B005E0EE7 /* libnspr4.dylib */ = {isa = PBXFileReference; lastKnownFileType = "compiled.mach-o.dylib"; path = libnspr4.dylib; sourceTree = "<group>"; };
		F4B5A94C2B30804B005E0EE7 /* libopencv_gapi.408.dylib */ = {isa = PBXFileReference; lastKnownFileType = "compiled.mach-o.dylib"; path = libopencv_gapi.408.dylib; sourceTree = "<group>"; };
		F4B5A94D2B30804B005E0EE7 /* libopencv_core.dylib */ = {isa = PBXFileReference; lastKnownFileType = "compiled.mach-o.dylib"; path = libopencv_core.dylib; sourceTree = "<group>"; };
		F4B5A94E2B30804B005E0EE7 /* libopencv_flann.4.8.0.dylib */ = {isa = PBXFileReference; lastKnownFileType = "compiled.mach-o.dylib"; path = libopencv_flann.4.8.0.dylib; sourceTree = "<group>"; };
		F4B5A94F2B30804B005E0EE7 /* libopencv_imgcodecs.4.8.0.dylib */ = {isa = PBXFileReference; lastKnownFileType = "compiled.mach-o.dylib"; path = libopencv_imgcodecs.4.8.0.dylib; sourceTree = "<group>"; };
		F4B5A9502B30804B005E0EE7 /* libnssutil3.dylib */ = {isa = PBXFileReference; lastKnownFileType = "compiled.mach-o.dylib"; path = libnssutil3.dylib; sourceTree = "<group>"; };
		F4B5A9512B30804B005E0EE7 /* libnss3.dylib */ = {isa = PBXFileReference; lastKnownFileType = "compiled.mach-o.dylib"; path = libnss3.dylib; sourceTree = "<group>"; };
		F4B5A9522B30804B005E0EE7 /* libopencv_imgproc.4.8.0.dylib */ = {isa = PBXFileReference; lastKnownFileType = "compiled.mach-o.dylib"; path = libopencv_imgproc.4.8.0.dylib; sourceTree = "<group>"; };
/* End PBXFileReference section */

/* Begin PBXFrameworksBuildPhase section */
		F4B5A7E82B307AD3005E0EE7 /* Frameworks */ = {
			isa = PBXFrameworksBuildPhase;
			buildActionMask = 2147483647;
			files = (
				F4B5A97A2B30804B005E0EE7 /* libssl.1.0.0.dylib in Frameworks */,
				F4B5A9872B30804B005E0EE7 /* libopencv_core.408.dylib in Frameworks */,
				F4B5A98B2B30804B005E0EE7 /* libnspr4.dylib in Frameworks */,
				F4B5A96E2B30804B005E0EE7 /* libopencv_photo.408.dylib in Frameworks */,
				F4B5A9892B30804B005E0EE7 /* libopencv_highgui.dylib in Frameworks */,
				F4B5A95C2B30804B005E0EE7 /* libnvcsnd.dylib in Frameworks */,
				F4B5A9702B30804B005E0EE7 /* libopencv_gapi.dylib in Frameworks */,
				F4B5A98E2B30804B005E0EE7 /* libopencv_flann.4.8.0.dylib in Frameworks */,
				F4B5A9572B30804B005E0EE7 /* libopencv_videoio.408.dylib in Frameworks */,
				F4B5A96F2B30804B005E0EE7 /* libopencv_video.4.8.0.dylib in Frameworks */,
				F4B5A9762B30804B005E0EE7 /* libopencv_videoio.dylib in Frameworks */,
				F4B5A98F2B30804B005E0EE7 /* libopencv_imgcodecs.4.8.0.dylib in Frameworks */,
				F4B5A9632B30804B005E0EE7 /* libsoftokn3.dylib in Frameworks */,
				F4B5A9592B30804B005E0EE7 /* libopencv_highgui.408.dylib in Frameworks */,
				F4B5A9562B30804B005E0EE7 /* libopencv_imgcodecs.408.dylib in Frameworks */,
				F4B5A9792B30804B005E0EE7 /* libplc4.dylib in Frameworks */,
				F4B5A9822B30804B005E0EE7 /* libopencv_highgui.4.8.0.dylib in Frameworks */,
				F4B5A9692B30804B005E0EE7 /* libopencv_calib3d.dylib in Frameworks */,
				F4B5A98C2B30804B005E0EE7 /* libopencv_gapi.408.dylib in Frameworks */,
				F4B5A9532B30804B005E0EE7 /* libopencv_stitching.dylib in Frameworks */,
				F4B5A9812B30804B005E0EE7 /* libCMS.dylib in Frameworks */,
				F4B5A9752B30804B005E0EE7 /* libopencv_features2d.dylib in Frameworks */,
				F4B5A9832B30804B005E0EE7 /* libopencv_stitching.408.dylib in Frameworks */,
				F4B5A9922B30804B005E0EE7 /* libopencv_imgproc.4.8.0.dylib in Frameworks */,
				F4B5A9652B30804B005E0EE7 /* libplds4.dylib in Frameworks */,
				F4B5A95F2B30804B005E0EE7 /* libopencv_imgcodecs.dylib in Frameworks */,
				F4B5A98D2B30804B005E0EE7 /* libopencv_core.dylib in Frameworks */,
				F4B5A9612B30804B005E0EE7 /* libopencv_ml.4.8.0.dylib in Frameworks */,
				F4B5A95D2B30804B005E0EE7 /* libopencv_gapi.4.8.0.dylib in Frameworks */,
				F4B5A9852B30804B005E0EE7 /* libopencv_ml.408.dylib in Frameworks */,
				F4B5A9602B30804B005E0EE7 /* libopencv_videoio.4.8.0.dylib in Frameworks */,
				F4B5A95E2B30804B005E0EE7 /* libopencv_photo.4.8.0.dylib in Frameworks */,
				F4B5A9882B30804B005E0EE7 /* libecbase.dylib in Frameworks */,
				F4B5A9912B30804B005E0EE7 /* libnss3.dylib in Frameworks */,
				F4B5A9772B30804B005E0EE7 /* libopencv_dnn.4.8.0.dylib in Frameworks */,
				F4B5A9662B30804B005E0EE7 /* libopencv_dnn.408.dylib in Frameworks */,
				F4B5A9802B30804B005E0EE7 /* libopencv_dnn.dylib in Frameworks */,
				F4B5A97F2B30804B005E0EE7 /* libopencv_core.4.8.0.dylib in Frameworks */,
				F4B5A9862B30804B005E0EE7 /* libopencv_features2d.4.8.0.dylib in Frameworks */,
				F4B5A98A2B30804B005E0EE7 /* libopencv_features2d.408.dylib in Frameworks */,
				F4B5A95A2B30804B005E0EE7 /* libfreebl3.dylib in Frameworks */,
				F4B5A96D2B30804B005E0EE7 /* libopencv_imgproc.dylib in Frameworks */,
				F4B5A96C2B30804B005E0EE7 /* libnssdbm3.dylib in Frameworks */,
				F4B5A95B2B30804B005E0EE7 /* libopencv_video.dylib in Frameworks */,
				F4B5A9782B30804B005E0EE7 /* libopencv_ml.dylib in Frameworks */,
				F4B5A97E2B30804B005E0EE7 /* libssl3.dylib in Frameworks */,
				F4B5A96A2B30804B005E0EE7 /* libopencv_objdetect.dylib in Frameworks */,
				F4B5A9842B30804B005E0EE7 /* libopencv_calib3d.408.dylib in Frameworks */,
				F4B5A9722B30804B005E0EE7 /* libsmime3.dylib in Frameworks */,
				F4B5A9582B30804B005E0EE7 /* libopencv_stitching.4.8.0.dylib in Frameworks */,
				F4B5A96B2B30804B005E0EE7 /* libopencv_flann.dylib in Frameworks */,
				F4B5A9902B30804B005E0EE7 /* libnssutil3.dylib in Frameworks */,
				F4B5A9642B30804B005E0EE7 /* libre2.0.dylib in Frameworks */,
				F4B5A9622B30804B005E0EE7 /* libngs.dylib in Frameworks */,
				F4B5A9552B30804B005E0EE7 /* libopencv_objdetect.408.dylib in Frameworks */,
				F4B5A9712B30804B005E0EE7 /* libcrypto.1.0.0.dylib in Frameworks */,
				F4B5A9732B30804B005E0EE7 /* libopencv_photo.dylib in Frameworks */,
				F4B5A9542B30804B005E0EE7 /* libopencv_video.408.dylib in Frameworks */,
				F4B5A9682B30804B005E0EE7 /* libTevent.dylib in Frameworks */,
				F4B5A97D2B30804B005E0EE7 /* libopencv_imgproc.408.dylib in Frameworks */,
				F4B5A97B2B30804B005E0EE7 /* libopencv_calib3d.4.8.0.dylib in Frameworks */,
				F4B5A9742B30804B005E0EE7 /* libopencv_objdetect.4.8.0.dylib in Frameworks */,
				F4B5A9672B30804B005E0EE7 /* libnvcclip.dylib in Frameworks */,
				F4B5A97C2B30804B005E0EE7 /* libopencv_flann.408.dylib in Frameworks */,
			);
			runOnlyForDeploymentPostprocessing = 0;
		};
/* End PBXFrameworksBuildPhase section */

/* Begin PBXGroup section */
		F4B5A7E22B307AD3005E0EE7 = {
			isa = PBXGroup;
			children = (
				F4B5A90B2B30804B005E0EE7 /* lib */,
				F4B5A7ED2B307AD3005E0EE7 /* opencvtest1 */,
				F4B5A7EC2B307AD3005E0EE7 /* Products */,
			);
			sourceTree = "<group>";
		};
		F4B5A7EC2B307AD3005E0EE7 /* Products */ = {
			isa = PBXGroup;
			children = (
				F4B5A7EB2B307AD3005E0EE7 /* opencvtest1 */,
			);
			name = Products;
			sourceTree = "<group>";
		};
		F4B5A7ED2B307AD3005E0EE7 /* opencvtest1 */ = {
			isa = PBXGroup;
			children = (
				F4B5A87F2B307CA2005E0EE7 /* test.cpp */,
			);
			path = opencvtest1;
			sourceTree = "<group>";
		};
		F4B5A90B2B30804B005E0EE7 /* lib */ = {
			isa = PBXGroup;
			children = (
				F4B5A90C2B30804B005E0EE7 /* libopencv_stitching.dylib */,
				F4B5A90D2B30804B005E0EE7 /* libopencv_video.408.dylib */,
				F4B5A90E2B30804B005E0EE7 /* libopencv_objdetect.408.dylib */,
				F4B5A90F2B30804B005E0EE7 /* libopencv_imgcodecs.408.dylib */,
				F4B5A9102B30804B005E0EE7 /* libopencv_videoio.408.dylib */,
				F4B5A9112B30804B005E0EE7 /* libopencv_stitching.4.8.0.dylib */,
				F4B5A9122B30804B005E0EE7 /* libopencv_highgui.408.dylib */,
				F4B5A9132B30804B005E0EE7 /* libfreebl3.dylib */,
				F4B5A9142B30804B005E0EE7 /* libopencv_video.dylib */,
				F4B5A9152B30804B005E0EE7 /* libnvcsnd.dylib */,
				F4B5A9162B30804B005E0EE7 /* libopencv_gapi.4.8.0.dylib */,
				F4B5A9172B30804B005E0EE7 /* libopencv_photo.4.8.0.dylib */,
				F4B5A9182B30804B005E0EE7 /* libopencv_imgcodecs.dylib */,
				F4B5A9192B30804B005E0EE7 /* cmake */,
				F4B5A91F2B30804B005E0EE7 /* libopencv_videoio.4.8.0.dylib */,
				F4B5A9202B30804B005E0EE7 /* libopencv_ml.4.8.0.dylib */,
				F4B5A9212B30804B005E0EE7 /* libngs.dylib */,
				F4B5A9222B30804B005E0EE7 /* libsoftokn3.dylib */,
				F4B5A9232B30804B005E0EE7 /* libre2.0.dylib */,
				F4B5A9242B30804B005E0EE7 /* libplds4.dylib */,
				F4B5A9252B30804B005E0EE7 /* libopencv_dnn.408.dylib */,
				F4B5A9262B30804B005E0EE7 /* libnvcclip.dylib */,
				F4B5A9272B30804B005E0EE7 /* libTevent.dylib */,
				F4B5A9282B30804B005E0EE7 /* libopencv_calib3d.dylib */,
				F4B5A9292B30804B005E0EE7 /* libopencv_objdetect.dylib */,
				F4B5A92A2B30804B005E0EE7 /* libopencv_flann.dylib */,
				F4B5A92B2B30804B005E0EE7 /* libnssdbm3.dylib */,
				F4B5A92C2B30804B005E0EE7 /* libopencv_imgproc.dylib */,
				F4B5A92D2B30804B005E0EE7 /* libopencv_photo.408.dylib */,
				F4B5A92E2B30804B005E0EE7 /* libopencv_video.4.8.0.dylib */,
				F4B5A92F2B30804B005E0EE7 /* libopencv_gapi.dylib */,
				F4B5A9302B30804B005E0EE7 /* libcrypto.1.0.0.dylib */,
				F4B5A9312B30804B005E0EE7 /* libsmime3.dylib */,
				F4B5A9322B30804B005E0EE7 /* libopencv_photo.dylib */,
				F4B5A9332B30804B005E0EE7 /* libopencv_objdetect.4.8.0.dylib */,
				F4B5A9342B30804B005E0EE7 /* libopencv_features2d.dylib */,
				F4B5A9352B30804B005E0EE7 /* libopencv_videoio.dylib */,
				F4B5A9362B30804B005E0EE7 /* libopencv_dnn.4.8.0.dylib */,
				F4B5A9372B30804B005E0EE7 /* libopencv_ml.dylib */,
				F4B5A9382B30804B005E0EE7 /* libplc4.dylib */,
				F4B5A9392B30804B005E0EE7 /* libssl.1.0.0.dylib */,
				F4B5A93A2B30804B005E0EE7 /* libopencv_calib3d.4.8.0.dylib */,
				F4B5A93B2B30804B005E0EE7 /* libopencv_flann.408.dylib */,
				F4B5A93C2B30804B005E0EE7 /* libopencv_imgproc.408.dylib */,
				F4B5A93D2B30804B005E0EE7 /* libssl3.dylib */,
				F4B5A93E2B30804B005E0EE7 /* libopencv_core.4.8.0.dylib */,
				F4B5A93F2B30804B005E0EE7 /* libopencv_dnn.dylib */,
				F4B5A9402B30804B005E0EE7 /* libCMS.dylib */,
				F4B5A9412B30804B005E0EE7 /* libnssckbi.dylib */,
				F4B5A9422B30804B005E0EE7 /* libopencv_highgui.4.8.0.dylib */,
				F4B5A9432B30804B005E0EE7 /* libopencv_stitching.408.dylib */,
				F4B5A9442B30804B005E0EE7 /* libopencv_calib3d.408.dylib */,
				F4B5A9452B30804B005E0EE7 /* libopencv_ml.408.dylib */,
				F4B5A9462B30804B005E0EE7 /* libopencv_features2d.4.8.0.dylib */,
				F4B5A9472B30804B005E0EE7 /* libopencv_core.408.dylib */,
				F4B5A9482B30804B005E0EE7 /* libecbase.dylib */,
				F4B5A9492B30804B005E0EE7 /* libopencv_highgui.dylib */,
				F4B5A94A2B30804B005E0EE7 /* libopencv_features2d.408.dylib */,
				F4B5A94B2B30804B005E0EE7 /* libnspr4.dylib */,
				F4B5A94C2B30804B005E0EE7 /* libopencv_gapi.408.dylib */,
				F4B5A94D2B30804B005E0EE7 /* libopencv_core.dylib */,
				F4B5A94E2B30804B005E0EE7 /* libopencv_flann.4.8.0.dylib */,
				F4B5A94F2B30804B005E0EE7 /* libopencv_imgcodecs.4.8.0.dylib */,
				F4B5A9502B30804B005E0EE7 /* libnssutil3.dylib */,
				F4B5A9512B30804B005E0EE7 /* libnss3.dylib */,
				F4B5A9522B30804B005E0EE7 /* libopencv_imgproc.4.8.0.dylib */,
			);
			name = lib;
			path = ../../../../../../../usr/local/lib;
			sourceTree = "<group>";
		};
		F4B5A9192B30804B005E0EE7 /* cmake */ = {
			isa = PBXGroup;
			children = (
				F4B5A91A2B30804B005E0EE7 /* opencv4 */,
			);
			path = cmake;
			sourceTree = "<group>";
		};
		F4B5A91A2B30804B005E0EE7 /* opencv4 */ = {
			isa = PBXGroup;
			children = (
				F4B5A91B2B30804B005E0EE7 /* OpenCVModules-debug.cmake */,
				F4B5A91C2B30804B005E0EE7 /* OpenCVConfig-version.cmake */,
				F4B5A91D2B30804B005E0EE7 /* OpenCVConfig.cmake */,
				F4B5A91E2B30804B005E0EE7 /* OpenCVModules.cmake */,
			);
			path = opencv4;
			sourceTree = "<group>";
		};
/* End PBXGroup section */

/* Begin PBXNativeTarget section */
		F4B5A7EA2B307AD3005E0EE7 /* opencvtest1 */ = {
			isa = PBXNativeTarget;
			buildConfigurationList = F4B5A7F22B307AD3005E0EE7 /* Build configuration list for PBXNativeTarget "opencvtest1" */;
			buildPhases = (
				F4B5A7E72B307AD3005E0EE7 /* Sources */,
				F4B5A7E82B307AD3005E0EE7 /* Frameworks */,
				F4B5A7E92B307AD3005E0EE7 /* CopyFiles */,
			);
			buildRules = (
			);
			dependencies = (
			);
			name = opencvtest1;
			productName = opencvtest1;
			productReference = F4B5A7EB2B307AD3005E0EE7 /* opencvtest1 */;
			productType = "com.apple.product-type.tool";
		};
/* End PBXNativeTarget section */

/* Begin PBXProject section */
		F4B5A7E32B307AD3005E0EE7 /* Project object */ = {
			isa = PBXProject;
			attributes = {
				BuildIndependentTargetsInParallel = 1;
				LastUpgradeCheck = 1510;
				TargetAttributes = {
					F4B5A7EA2B307AD3005E0EE7 = {
						CreatedOnToolsVersion = 15.1;
					};
				};
			};
			buildConfigurationList = F4B5A7E62B307AD3005E0EE7 /* Build configuration list for PBXProject "opencvtest1" */;
			compatibilityVersion = "Xcode 14.0";
			developmentRegion = en;
			hasScannedForEncodings = 0;
			knownRegions = (
				en,
				Base,
			);
			mainGroup = F4B5A7E22B307AD3005E0EE7;
			productRefGroup = F4B5A7EC2B307AD3005E0EE7 /* Products */;
			projectDirPath = "";
			projectRoot = "";
			targets = (
				F4B5A7EA2B307AD3005E0EE7 /* opencvtest1 */,
			);
		};
/* End PBXProject section */

/* Begin PBXSourcesBuildPhase section */
		F4B5A7E72B307AD3005E0EE7 /* Sources */ = {
			isa = PBXSourcesBuildPhase;
			buildActionMask = 2147483647;
			files = (
				F4B5A9952B3081C2005E0EE7 /* test.cpp in Sources */,
			);
			runOnlyForDeploymentPostprocessing = 0;
		};
/* End PBXSourcesBuildPhase section */

/* Begin XCBuildConfiguration section */
		F4B5A7F02B307AD3005E0EE7 /* Debug */ = {
			isa = XCBuildConfiguration;
			buildSettings = {
				ALWAYS_SEARCH_USER_PATHS = NO;
				ASSETCATALOG_COMPILER_GENERATE_SWIFT_ASSET_SYMBOL_EXTENSIONS = YES;
				CLANG_ANALYZER_NONNULL = YES;
				CLANG_ANALYZER_NUMBER_OBJECT_CONVERSION = YES_AGGRESSIVE;
				CLANG_CXX_LANGUAGE_STANDARD = "gnu++20";
				CLANG_ENABLE_MODULES = YES;
				CLANG_ENABLE_OBJC_ARC = YES;
				CLANG_ENABLE_OBJC_WEAK = YES;
				CLANG_WARN_BLOCK_CAPTURE_AUTORELEASING = YES;
				CLANG_WARN_BOOL_CONVERSION = YES;
				CLANG_WARN_COMMA = YES;
				CLANG_WARN_CONSTANT_CONVERSION = YES;
				CLANG_WARN_DEPRECATED_OBJC_IMPLEMENTATIONS = YES;
				CLANG_WARN_DIRECT_OBJC_ISA_USAGE = YES_ERROR;
				CLANG_WARN_DOCUMENTATION_COMMENTS = YES;
				CLANG_WARN_EMPTY_BODY = YES;
				CLANG_WARN_ENUM_CONVERSION = YES;
				CLANG_WARN_INFINITE_RECURSION = YES;
				CLANG_WARN_INT_CONVERSION = YES;
				CLANG_WARN_NON_LITERAL_NULL_CONVERSION = YES;
				CLANG_WARN_OBJC_IMPLICIT_RETAIN_SELF = YES;
				CLANG_WARN_OBJC_LITERAL_CONVERSION = YES;
				CLANG_WARN_OBJC_ROOT_CLASS = YES_ERROR;
				CLANG_WARN_QUOTED_INCLUDE_IN_FRAMEWORK_HEADER = YES;
				CLANG_WARN_RANGE_LOOP_ANALYSIS = YES;
				CLANG_WARN_STRICT_PROTOTYPES = YES;
				CLANG_WARN_SUSPICIOUS_MOVE = YES;
				CLANG_WARN_UNGUARDED_AVAILABILITY = YES_AGGRESSIVE;
				CLANG_WARN_UNREACHABLE_CODE = YES;
				CLANG_WARN__DUPLICATE_METHOD_MATCH = YES;
				COPY_PHASE_STRIP = NO;
				DEBUG_INFORMATION_FORMAT = dwarf;
				ENABLE_STRICT_OBJC_MSGSEND = YES;
				ENABLE_TESTABILITY = YES;
				ENABLE_USER_SCRIPT_SANDBOXING = YES;
				GCC_C_LANGUAGE_STANDARD = gnu17;
				GCC_DYNAMIC_NO_PIC = NO;
				GCC_NO_COMMON_BLOCKS = YES;
				GCC_OPTIMIZATION_LEVEL = 0;
				GCC_PREPROCESSOR_DEFINITIONS = (
					"DEBUG=1",
					"$(inherited)",
				);
				GCC_WARN_64_TO_32_BIT_CONVERSION = YES;
				GCC_WARN_ABOUT_RETURN_TYPE = YES_ERROR;
				GCC_WARN_UNDECLARED_SELECTOR = YES;
				GCC_WARN_UNINITIALIZED_AUTOS = YES_AGGRESSIVE;
				GCC_WARN_UNUSED_FUNCTION = YES;
				GCC_WARN_UNUSED_VARIABLE = YES;
				LOCALIZATION_PREFERS_STRING_CATALOGS = YES;
				MACOSX_DEPLOYMENT_TARGET = 14.0;
				MTL_ENABLE_DEBUG_INFO = INCLUDE_SOURCE;
				MTL_FAST_MATH = YES;
				ONLY_ACTIVE_ARCH = YES;
				SDKROOT = macosx;
			};
			name = Debug;
		};
		F4B5A7F12B307AD3005E0EE7 /* Release */ = {
			isa = XCBuildConfiguration;
			buildSettings = {
				ALWAYS_SEARCH_USER_PATHS = NO;
				ASSETCATALOG_COMPILER_GENERATE_SWIFT_ASSET_SYMBOL_EXTENSIONS = YES;
				CLANG_ANALYZER_NONNULL = YES;
				CLANG_ANALYZER_NUMBER_OBJECT_CONVERSION = YES_AGGRESSIVE;
				CLANG_CXX_LANGUAGE_STANDARD = "gnu++20";
				CLANG_ENABLE_MODULES = YES;
				CLANG_ENABLE_OBJC_ARC = YES;
				CLANG_ENABLE_OBJC_WEAK = YES;
				CLANG_WARN_BLOCK_CAPTURE_AUTORELEASING = YES;
				CLANG_WARN_BOOL_CONVERSION = YES;
				CLANG_WARN_COMMA = YES;
				CLANG_WARN_CONSTANT_CONVERSION = YES;
				CLANG_WARN_DEPRECATED_OBJC_IMPLEMENTATIONS = YES;
				CLANG_WARN_DIRECT_OBJC_ISA_USAGE = YES_ERROR;
				CLANG_WARN_DOCUMENTATION_COMMENTS = YES;
				CLANG_WARN_EMPTY_BODY = YES;
				CLANG_WARN_ENUM_CONVERSION = YES;
				CLANG_WARN_INFINITE_RECURSION = YES;
				CLANG_WARN_INT_CONVERSION = YES;
				CLANG_WARN_NON_LITERAL_NULL_CONVERSION = YES;
				CLANG_WARN_OBJC_IMPLICIT_RETAIN_SELF = YES;
				CLANG_WARN_OBJC_LITERAL_CONVERSION = YES;
				CLANG_WARN_OBJC_ROOT_CLASS = YES_ERROR;
				CLANG_WARN_QUOTED_INCLUDE_IN_FRAMEWORK_HEADER = YES;
				CLANG_WARN_RANGE_LOOP_ANALYSIS = YES;
				CLANG_WARN_STRICT_PROTOTYPES = YES;
				CLANG_WARN_SUSPICIOUS_MOVE = YES;
				CLANG_WARN_UNGUARDED_AVAILABILITY = YES_AGGRESSIVE;
				CLANG_WARN_UNREACHABLE_CODE = YES;
				CLANG_WARN__DUPLICATE_METHOD_MATCH = YES;
				COPY_PHASE_STRIP = NO;
				DEBUG_INFORMATION_FORMAT = "dwarf-with-dsym";
				ENABLE_NS_ASSERTIONS = NO;
				ENABLE_STRICT_OBJC_MSGSEND = YES;
				ENABLE_USER_SCRIPT_SANDBOXING = YES;
				GCC_C_LANGUAGE_STANDARD = gnu17;
				GCC_NO_COMMON_BLOCKS = YES;
				GCC_WARN_64_TO_32_BIT_CONVERSION = YES;
				GCC_WARN_ABOUT_RETURN_TYPE = YES_ERROR;
				GCC_WARN_UNDECLARED_SELECTOR = YES;
				GCC_WARN_UNINITIALIZED_AUTOS = YES_AGGRESSIVE;
				GCC_WARN_UNUSED_FUNCTION = YES;
				GCC_WARN_UNUSED_VARIABLE = YES;
				LOCALIZATION_PREFERS_STRING_CATALOGS = YES;
				MACOSX_DEPLOYMENT_TARGET = 14.0;
				MTL_ENABLE_DEBUG_INFO = NO;
				MTL_FAST_MATH = YES;
				SDKROOT = macosx;
			};
			name = Release;
		};
		F4B5A7F32B307AD3005E0EE7 /* Debug */ = {
			isa = XCBuildConfiguration;
			buildSettings = {
				CODE_SIGN_STYLE = Automatic;
				HEADER_SEARCH_PATHS = (
					/usr/local/include/,
					/usr/local/include/opencv4/,
				);
				LD_RUNPATH_SEARCH_PATHS = /usr/local/lib/;
				LIBRARY_SEARCH_PATHS = /usr/local/lib/;
				PRODUCT_NAME = "$(TARGET_NAME)";
				WARNING_CFLAGS = (
					"-Wno-deprecated",
					"-Wno-documentation",
				);
			};
			name = Debug;
		};
		F4B5A7F42B307AD3005E0EE7 /* Release */ = {
			isa = XCBuildConfiguration;
			buildSettings = {
				CODE_SIGN_STYLE = Automatic;
				LD_RUNPATH_SEARCH_PATHS = /usr/local/lib/;
				PRODUCT_NAME = "$(TARGET_NAME)";
				WARNING_CFLAGS = (
					"-Wno-deprecated",
					"-Wno-documentation",
				);
			};
			name = Release;
		};
/* End XCBuildConfiguration section */

/* Begin XCConfigurationList section */
		F4B5A7E62B307AD3005E0EE7 /* Build configuration list for PBXProject "opencvtest1" */ = {
			isa = XCConfigurationList;
			buildConfigurations = (
				F4B5A7F02B307AD3005E0EE7 /* Debug */,
				F4B5A7F12B307AD3005E0EE7 /* Release */,
			);
			defaultConfigurationIsVisible = 0;
			defaultConfigurationName = Release;
		};
		F4B5A7F22B307AD3005E0EE7 /* Build configuration list for PBXNativeTarget "opencvtest1" */ = {
			isa = XCConfigurationList;
			buildConfigurations = (
				F4B5A7F32B307AD3005E0EE7 /* Debug */,
				F4B5A7F42B307AD3005E0EE7 /* Release */,
			);
			defaultConfigurationIsVisible = 0;
			defaultConfigurationName = Release;
		};
/* End XCConfigurationList section */
	};
	rootObject = F4B5A7E32B307AD3005E0EE7 /* Project object */;
}
